
Microsoft Visual Studio Solution File, Format Version 12.00
# Visual Studio 14
VisualStudioVersion = 14.0.25123.0
MinimumVisualStudioVersion = 10.0.40219.1
Project("{FAE04EC0-301F-11D3-BF4B-00C04F79EFBC}") = "EasySchedule.Droid", "EasySchedule\EasySchedule.Droid\EasySchedule.Droid.csproj", "{57B6D920-4B1B-4DA0-9B8E-2DED21783FDB}"
EndProject
Project("{FAE04EC0-301F-11D3-BF4B-00C04F79EFBC}") = "EasySchedule.iOS", "EasySchedule\EasySchedule.iOS\EasySchedule.iOS.csproj", "{6630FAA5-BF01-4F58-B79B-3EC030D9A1A8}"
EndProject
Project("{FAE04EC0-301F-11D3-BF4B-00C04F79EFBC}") = "EasySchedule.UWP", "EasySchedule\EasySchedule.UWP\EasySchedule.UWP.csproj", "{40084886-F6FF-405C-94A1-7AD566445703}"
EndProject
Project("{FAE04EC0-301F-11D3-BF4B-00C04F79EFBC}") = "EasySchedule", "EasySchedule\EasySchedule\EasySchedule.csproj", "{81784D5E-9D88-41AF-863D-E92AAEF82F44}"
EndProject
Global
	GlobalSection(SolutionConfigurationPlatforms) = preSolution
		Ad-Hoc|Any CPU = Ad-Hoc|Any CPU
		Ad-Hoc|ARM = Ad-Hoc|ARM
		Ad-Hoc|iPhone = Ad-Hoc|iPhone
		Ad-Hoc|iPhoneSimulator = Ad-Hoc|iPhoneSimulator
		Ad-Hoc|x64 = Ad-Hoc|x64
		Ad-Hoc|x86 = Ad-Hoc|x86
		AppStore|Any CPU = AppStore|Any CPU
		AppStore|ARM = AppStore|ARM
		AppStore|iPhone = AppStore|iPhone
		AppStore|iPhoneSimulator = AppStore|iPhoneSimulator
		AppStore|x64 = AppStore|x64
		AppStore|x86 = AppStore|x86
		Debug|Any CPU = Debug|Any CPU
		Debug|ARM = Debug|ARM
		Debug|iPhone = Debug|iPhone
		Debug|iPhoneSimulator = Debug|iPhoneSimulator
		Debug|x64 = Debug|x64
		Debug|x86 = Debug|x86
		Release|Any CPU = Release|Any CPU
		Release|ARM = Release|ARM
		Release|iPhone = Release|iPhone
		Release|iPhoneSimulator = Release|iPhoneSimulator
		Release|x64 = Release|x64
		Release|x86 = Release|x86
	EndGlobalSection
	GlobalSection(ProjectConfigurationPlatforms) = postSolution
		{57B6D920-4B1B-4DA0-9B8E-2DED21783FDB}.Ad-Hoc|Any CPU.ActiveCfg = Release|Any CPU
		{57B6D920-4B1B-4DA0-9B8E-2DED21783FDB}.Ad-Hoc|Any CPU.Build.0 = Release|Any CPU
		{57B6D920-4B1B-4DA0-9B8E-2DED21783FDB}.Ad-Hoc|Any CPU.Deploy.0 = Release|Any CPU
		{57B6D920-4B1B-4DA0-9B8E-2DED21783FDB}.Ad-Hoc|ARM.ActiveCfg = Release|Any CPU
		{57B6D920-4B1B-4DA0-9B8E-2DED21783FDB}.Ad-Hoc|ARM.Build.0 = Release|Any CPU
		{57B6D920-4B1B-4DA0-9B8E-2DED21783FDB}.Ad-Hoc|ARM.Deploy.0 = Release|Any CPU
		{57B6D920-4B1B-4DA0-9B8E-2DED21783FDB}.Ad-Hoc|iPhone.ActiveCfg = Release|Any CPU
		{57B6D920-4B1B-4DA0-9B8E-2DED21783FDB}.Ad-Hoc|iPhone.Build.0 = Release|Any CPU
		{57B6D920-4B1B-4DA0-9B8E-2DED21783FDB}.Ad-Hoc|iPhone.Deploy.0 = Release|Any CPU
		{57B6D920-4B1B-4DA0-9B8E-2DED21783FDB}.Ad-Hoc|iPhoneSimulator.ActiveCfg = Release|Any CPU
		{57B6D920-4B1B-4DA0-9B8E-2DED21783FDB}.Ad-Hoc|iPhoneSimulator.Build.0 = Release|Any CPU
		{57B6D920-4B1B-4DA0-9B8E-2DED21783FDB}.Ad-Hoc|iPhoneSimulator.Deploy.0 = Release|Any CPU
		{57B6D920-4B1B-4DA0-9B8E-2DED21783FDB}.Ad-Hoc|x64.ActiveCfg = Release|Any CPU
		{57B6D920-4B1B-4DA0-9B8E-2DED21783FDB}.Ad-Hoc|x64.Build.0 = Release|Any CPU
		{57B6D920-4B1B-4DA0-9B8E-2DED21783FDB}.Ad-Hoc|x64.Deploy.0 = Release|Any CPU
		{57B6D920-4B1B-4DA0-9B8E-2DED21783FDB}.Ad-Hoc|x86.ActiveCfg = Release|Any CPU
		{57B6D920-4B1B-4DA0-9B8E-2DED21783FDB}.Ad-Hoc|x86.Build.0 = Release|Any CPU
		{57B6D920-4B1B-4DA0-9B8E-2DED21783FDB}.Ad-Hoc|x86.Deploy.0 = Release|Any CPU
		{57B6D920-4B1B-4DA0-9B8E-2DED21783FDB}.AppStore|Any CPU.ActiveCfg = Release|Any CPU
		{57B6D920-4B1B-4DA0-9B8E-2DED21783FDB}.AppStore|Any CPU.Build.0 = Release|Any CPU
		{57B6D920-4B1B-4DA0-9B8E-2DED21783FDB}.AppStore|Any CPU.Deploy.0 = Release|Any CPU
		{57B6D920-4B1B-4DA0-9B8E-2DED21783FDB}.AppStore|ARM.ActiveCfg = Release|Any CPU
		{57B6D920-4B1B-4DA0-9B8E-2DED21783FDB}.AppStore|ARM.Build.0 = Release|Any CPU
		{57B6D920-4B1B-4DA0-9B8E-2DED21783FDB}.AppStore|ARM.Deploy.0 = Release|Any CPU
		{57B6D920-4B1B-4DA0-9B8E-2DED21783FDB}.AppStore|iPhone.ActiveCfg = Release|Any CPU
		{57B6D920-4B1B-4DA0-9B8E-2DED21783FDB}.AppStore|iPhone.Build.0 = Release|Any CPU
		{57B6D920-4B1B-4DA0-9B8E-2DED21783FDB}.AppStore|iPhone.Deploy.0 = Release|Any CPU
		{57B6D920-4B1B-4DA0-9B8E-2DED21783FDB}.AppStore|iPhoneSimulator.ActiveCfg = Release|Any CPU
		{57B6D920-4B1B-4DA0-9B8E-2DED21783FDB}.AppStore|iPhoneSimulator.Build.0 = Release|Any CPU
		{57B6D920-4B1B-4DA0-9B8E-2DED21783FDB}.AppStore|iPhoneSimulator.Deploy.0 = Release|Any CPU
		{57B6D920-4B1B-4DA0-9B8E-2DED21783FDB}.AppStore|x64.ActiveCfg = Release|Any CPU
		{57B6D920-4B1B-4DA0-9B8E-2DED21783FDB}.AppStore|x64.Build.0 = Release|Any CPU
		{57B6D920-4B1B-4DA0-9B8E-2DED21783FDB}.AppStore|x64.Deploy.0 = Release|Any CPU
		{57B6D920-4B1B-4DA0-9B8E-2DED21783FDB}.AppStore|x86.ActiveCfg = Release|Any CPU
		{57B6D920-4B1B-4DA0-9B8E-2DED21783FDB}.AppStore|x86.Build.0 = Release|Any CPU
		{57B6D920-4B1B-4DA0-9B8E-2DED21783FDB}.AppStore|x86.Deploy.0 = Release|Any CPU
		{57B6D920-4B1B-4DA0-9B8E-2DED21783FDB}.Debug|Any CPU.ActiveCfg = Debug|Any CPU
		{57B6D920-4B1B-4DA0-9B8E-2DED21783FDB}.Debug|Any CPU.Build.0 = Debug|Any CPU
		{57B6D920-4B1B-4DA0-9B8E-2DED21783FDB}.Debug|Any CPU.Deploy.0 = Debug|Any CPU
		{57B6D920-4B1B-4DA0-9B8E-2DED21783FDB}.Debug|ARM.ActiveCfg = Debug|Any CPU
		{57B6D920-4B1B-4DA0-9B8E-2DED21783FDB}.Debug|ARM.Build.0 = Debug|Any CPU
		{57B6D920-4B1B-4DA0-9B8E-2DED21783FDB}.Debug|ARM.Deploy.0 = Debug|Any CPU
		{57B6D920-4B1B-4DA0-9B8E-2DED21783FDB}.Debug|iPhone.ActiveCfg = Debug|Any CPU
		{57B6D920-4B1B-4DA0-9B8E-2DED21783FDB}.Debug|iPhone.Build.0 = Debug|Any CPU
		{57B6D920-4B1B-4DA0-9B8E-2DED21783FDB}.Debug|iPhone.Deploy.0 = Debug|Any CPU
		{57B6D920-4B1B-4DA0-9B8E-2DED21783FDB}.Debug|iPhoneSimulator.ActiveCfg = Debug|Any CPU
		{57B6D920-4B1B-4DA0-9B8E-2DED21783FDB}.Debug|iPhoneSimulator.Build.0 = Debug|Any CPU
		{57B6D920-4B1B-4DA0-9B8E-2DED21783FDB}.Debug|iPhoneSimulator.Deploy.0 = Debug|Any CPU
		{57B6D920-4B1B-4DA0-9B8E-2DED21783FDB}.Debug|x64.ActiveCfg = Debug|Any CPU
		{57B6D920-4B1B-4DA0-9B8E-2DED21783FDB}.Debug|x64.Build.0 = Debug|Any CPU
		{57B6D920-4B1B-4DA0-9B8E-2DED21783FDB}.Debug|x64.Deploy.0 = Debug|Any CPU
		{57B6D920-4B1B-4DA0-9B8E-2DED21783FDB}.Debug|x86.ActiveCfg = Debug|Any CPU
		{57B6D920-4B1B-4DA0-9B8E-2DED21783FDB}.Debug|x86.Build.0 = Debug|Any CPU
		{57B6D920-4B1B-4DA0-9B8E-2DED21783FDB}.Debug|x86.Deploy.0 = Debug|Any CPU
		{57B6D920-4B1B-4DA0-9B8E-2DED21783FDB}.Release|Any CPU.ActiveCfg = Release|Any CPU
		{57B6D920-4B1B-4DA0-9B8E-2DED21783FDB}.Release|Any CPU.Build.0 = Release|Any CPU
		{57B6D920-4B1B-4DA0-9B8E-2DED21783FDB}.Release|Any CPU.Deploy.0 = Release|Any CPU
		{57B6D920-4B1B-4DA0-9B8E-2DED21783FDB}.Release|ARM.ActiveCfg = Release|Any CPU
		{57B6D920-4B1B-4DA0-9B8E-2DED21783FDB}.Release|ARM.Build.0 = Release|Any CPU
		{57B6D920-4B1B-4DA0-9B8E-2DED21783FDB}.Release|ARM.Deploy.0 = Release|Any CPU
		{57B6D920-4B1B-4DA0-9B8E-2DED21783FDB}.Release|iPhone.ActiveCfg = Release|Any CPU
		{57B6D920-4B1B-4DA0-9B8E-2DED21783FDB}.Release|iPhone.Build.0 = Release|Any CPU
		{57B6D920-4B1B-4DA0-9B8E-2DED21783FDB}.Release|iPhone.Deploy.0 = Release|Any CPU
		{57B6D920-4B1B-4DA0-9B8E-2DED21783FDB}.Release|iPhoneSimulator.ActiveCfg = Release|Any CPU
		{57B6D920-4B1B-4DA0-9B8E-2DED21783FDB}.Release|iPhoneSimulator.Build.0 = Release|Any CPU
		{57B6D920-4B1B-4DA0-9B8E-2DED21783FDB}.Release|iPhoneSimulator.Deploy.0 = Release|Any CPU
		{57B6D920-4B1B-4DA0-9B8E-2DED21783FDB}.Release|x64.ActiveCfg = Release|Any CPU
		{57B6D920-4B1B-4DA0-9B8E-2DED21783FDB}.Release|x64.Build.0 = Release|Any CPU
		{57B6D920-4B1B-4DA0-9B8E-2DED21783FDB}.Release|x64.Deploy.0 = Release|Any CPU
		{57B6D920-4B1B-4DA0-9B8E-2DED21783FDB}.Release|x86.ActiveCfg = Release|Any CPU
		{57B6D920-4B1B-4DA0-9B8E-2DED21783FDB}.Release|x86.Build.0 = Release|Any CPU
		{57B6D920-4B1B-4DA0-9B8E-2DED21783FDB}.Release|x86.Deploy.0 = Release|Any CPU
		{6630FAA5-BF01-4F58-B79B-3EC030D9A1A8}.Ad-Hoc|Any CPU.ActiveCfg = Ad-Hoc|iPhone
		{6630FAA5-BF01-4F58-B79B-3EC030D9A1A8}.Ad-Hoc|ARM.ActiveCfg = Ad-Hoc|iPhone
		{6630FAA5-BF01-4F58-B79B-3EC030D9A1A8}.Ad-Hoc|iPhone.ActiveCfg = Ad-Hoc|iPhone
		{6630FAA5-BF01-4F58-B79B-3EC030D9A1A8}.Ad-Hoc|iPhone.Build.0 = Ad-Hoc|iPhone
		{6630FAA5-BF01-4F58-B79B-3EC030D9A1A8}.Ad-Hoc|iPhoneSimulator.ActiveCfg = Ad-Hoc|iPhoneSimulator
		{6630FAA5-BF01-4F58-B79B-3EC030D9A1A8}.Ad-Hoc|iPhoneSimulator.Build.0 = Ad-Hoc|iPhoneSimulator
		{6630FAA5-BF01-4F58-B79B-3EC030D9A1A8}.Ad-Hoc|x64.ActiveCfg = Ad-Hoc|iPhone
		{6630FAA5-BF01-4F58-B79B-3EC030D9A1A8}.Ad-Hoc|x86.ActiveCfg = Ad-Hoc|iPhone
		{6630FAA5-BF01-4F58-B79B-3EC030D9A1A8}.AppStore|Any CPU.ActiveCfg = AppStore|iPhone
		{6630FAA5-BF01-4F58-B79B-3EC030D9A1A8}.AppStore|ARM.ActiveCfg = AppStore|iPhone
		{6630FAA5-BF01-4F58-B79B-3EC030D9A1A8}.AppStore|iPhone.ActiveCfg = AppStore|iPhone
		{6630FAA5-BF01-4F58-B79B-3EC030D9A1A8}.AppStore|iPhone.Build.0 = AppStore|iPhone
		{6630FAA5-BF01-4F58-B79B-3EC030D9A1A8}.AppStore|iPhoneSimulator.ActiveCfg = AppStore|iPhoneSimulator
		{6630FAA5-BF01-4F58-B79B-3EC030D9A1A8}.AppStore|iPhoneSimulator.Build.0 = AppStore|iPhoneSimulator
		{6630FAA5-BF01-4F58-B79B-3EC030D9A1A8}.AppStore|x64.ActiveCfg = AppStore|iPhone
		{6630FAA5-BF01-4F58-B79B-3EC030D9A1A8}.AppStore|x86.ActiveCfg = AppStore|iPhone
		{6630FAA5-BF01-4F58-B79B-3EC030D9A1A8}.Debug|Any CPU.ActiveCfg = Debug|iPhone
		{6630FAA5-BF01-4F58-B79B-3EC030D9A1A8}.Debug|ARM.ActiveCfg = Debug|iPhone
		{6630FAA5-BF01-4F58-B79B-3EC030D9A1A8}.Debug|iPhone.ActiveCfg = Debug|iPhone
		{6630FAA5-BF01-4F58-B79B-3EC030D9A1A8}.Debug|iPhone.Build.0 = Debug|iPhone
		{6630FAA5-BF01-4F58-B79B-3EC030D9A1A8}.Debug|iPhoneSimulator.ActiveCfg = Debug|iPhoneSimulator
		{6630FAA5-BF01-4F58-B79B-3EC030D9A1A8}.Debug|iPhoneSimulator.Build.0 = Debug|iPhoneSimulator
		{6630FAA5-BF01-4F58-B79B-3EC030D9A1A8}.Debug|x64.ActiveCfg = Debug|iPhone
		{6630FAA5-BF01-4F58-B79B-3EC030D9A1A8}.Debug|x86.ActiveCfg = Debug|iPhone
		{6630FAA5-BF01-4F58-B79B-3EC030D9A1A8}.Release|Any CPU.ActiveCfg = Release|iPhone
		{6630FAA5-BF01-4F58-B79B-3EC030D9A1A8}.Release|ARM.ActiveCfg = Release|iPhone
		{6630FAA5-BF01-4F58-B79B-3EC030D9A1A8}.Release|iPhone.ActiveCfg = Release|iPhone
		{6630FAA5-BF01-4F58-B79B-3EC030D9A1A8}.Release|iPhone.Build.0 = Release|iPhone
		{6630FAA5-BF01-4F58-B79B-3EC030D9A1A8}.Release|iPhoneSimulator.ActiveCfg = Release|iPhoneSimulator
		{6630FAA5-BF01-4F58-B79B-3EC030D9A1A8}.Release|iPhoneSimulator.Build.0 = Release|iPhoneSimulator
		{6630FAA5-BF01-4F58-B79B-3EC030D9A1A8}.Release|x64.ActiveCfg = Release|iPhone
		{6630FAA5-BF01-4F58-B79B-3EC030D9A1A8}.Release|x86.ActiveCfg = Release|iPhone
		{40084886-F6FF-405C-94A1-7AD566445703}.Ad-Hoc|Any CPU.ActiveCfg = Release|x86
		{40084886-F6FF-405C-94A1-7AD566445703}.Ad-Hoc|Any CPU.Build.0 = Release|x86
		{40084886-F6FF-405C-94A1-7AD566445703}.Ad-Hoc|Any CPU.Deploy.0 = Release|x86
		{40084886-F6FF-405C-94A1-7AD566445703}.Ad-Hoc|ARM.ActiveCfg = Release|ARM
		{40084886-F6FF-405C-94A1-7AD566445703}.Ad-Hoc|ARM.Build.0 = Release|ARM
		{40084886-F6FF-405C-94A1-7AD566445703}.Ad-Hoc|ARM.Deploy.0 = Release|ARM
		{40084886-F6FF-405C-94A1-7AD566445703}.Ad-Hoc|iPhone.ActiveCfg = Release|x86
		{40084886-F6FF-405C-94A1-7AD566445703}.Ad-Hoc|iPhone.Build.0 = Release|x86
		{40084886-F6FF-405C-94A1-7AD566445703}.Ad-Hoc|iPhone.Deploy.0 = Release|x86
		{40084886-F6FF-405C-94A1-7AD566445703}.Ad-Hoc|iPhoneSimulator.ActiveCfg = Release|x86
		{40084886-F6FF-405C-94A1-7AD566445703}.Ad-Hoc|iPhoneSimulator.Build.0 = Release|x86
		{40084886-F6FF-405C-94A1-7AD566445703}.Ad-Hoc|iPhoneSimulator.Deploy.0 = Release|x86
		{40084886-F6FF-405C-94A1-7AD566445703}.Ad-Hoc|x64.ActiveCfg = Release|x64
		{40084886-F6FF-405C-94A1-7AD566445703}.Ad-Hoc|x64.Build.0 = Release|x64
		{40084886-F6FF-405C-94A1-7AD566445703}.Ad-Hoc|x64.Deploy.0 = Release|x64
		{40084886-F6FF-405C-94A1-7AD566445703}.Ad-Hoc|x86.ActiveCfg = Release|x86
		{40084886-F6FF-405C-94A1-7AD566445703}.Ad-Hoc|x86.Build.0 = Release|x86
		{40084886-F6FF-405C-94A1-7AD566445703}.Ad-Hoc|x86.Deploy.0 = Release|x86
		{40084886-F6FF-405C-94A1-7AD566445703}.AppStore|Any CPU.ActiveCfg = Release|x86
		{40084886-F6FF-405C-94A1-7AD566445703}.AppStore|Any CPU.Build.0 = Release|x86
		{40084886-F6FF-405C-94A1-7AD566445703}.AppStore|Any CPU.Deploy.0 = Release|x86
		{40084886-F6FF-405C-94A1-7AD566445703}.AppStore|ARM.ActiveCfg = Release|ARM
		{40084886-F6FF-405C-94A1-7AD566445703}.AppStore|ARM.Build.0 = Release|ARM
		{40084886-F6FF-405C-94A1-7AD566445703}.AppStore|ARM.Deploy.0 = Release|ARM
		{40084886-F6FF-405C-94A1-7AD566445703}.AppStore|iPhone.ActiveCfg = Release|x86
		{40084886-F6FF-405C-94A1-7AD566445703}.AppStore|iPhone.Build.0 = Release|x86
		{40084886-F6FF-405C-94A1-7AD566445703}.AppStore|iPhone.Deploy.0 = Release|x86
		{40084886-F6FF-405C-94A1-7AD566445703}.AppStore|iPhoneSimulator.ActiveCfg = Release|x86
		{40084886-F6FF-405C-94A1-7AD566445703}.AppStore|iPhoneSimulator.Build.0 = Release|x86
		{40084886-F6FF-405C-94A1-7AD566445703}.AppStore|iPhoneSimulator.Deploy.0 = Release|x86
		{40084886-F6FF-405C-94A1-7AD566445703}.AppStore|x64.ActiveCfg = Release|x64
		{40084886-F6FF-405C-94A1-7AD566445703}.AppStore|x64.Build.0 = Release|x64
		{40084886-F6FF-405C-94A1-7AD566445703}.AppStore|x64.Deploy.0 = Release|x64
		{40084886-F6FF-405C-94A1-7AD566445703}.AppStore|x86.ActiveCfg = Release|x86
		{40084886-F6FF-405C-94A1-7AD566445703}.AppStore|x86.Build.0 = Release|x86
		{40084886-F6FF-405C-94A1-7AD566445703}.AppStore|x86.Deploy.0 = Release|x86
		{40084886-F6FF-405C-94A1-7AD566445703}.Debug|Any CPU.ActiveCfg = Debug|x86
		{40084886-F6FF-405C-94A1-7AD566445703}.Debug|ARM.ActiveCfg = Debug|ARM
		{40084886-F6FF-405C-94A1-7AD566445703}.Debug|ARM.Build.0 = Debug|ARM
		{40084886-F6FF-405C-94A1-7AD566445703}.Debug|ARM.Deploy.0 = Debug|ARM
		{40084886-F6FF-405C-94A1-7AD566445703}.Debug|iPhone.ActiveCfg = Debug|x86
		{40084886-F6FF-405C-94A1-7AD566445703}.Debug|iPhoneSimulator.ActiveCfg = Debug|x86
		{40084886-F6FF-405C-94A1-7AD566445703}.Debug|x64.ActiveCfg = Debug|x64
		{40084886-F6FF-405C-94A1-7AD566445703}.Debug|x64.Build.0 = Debug|x64
		{40084886-F6FF-405C-94A1-7AD566445703}.Debug|x64.Deploy.0 = Debug|x64
		{40084886-F6FF-405C-94A1-7AD566445703}.Debug|x86.ActiveCfg = Debug|x86
		{40084886-F6FF-405C-94A1-7AD566445703}.Debug|x86.Build.0 = Debug|x86
		{40084886-F6FF-405C-94A1-7AD566445703}.Debug|x86.Deploy.0 = Debug|x86
		{40084886-F6FF-405C-94A1-7AD566445703}.Release|Any CPU.ActiveCfg = Release|x86
		{40084886-F6FF-405C-94A1-7AD566445703}.Release|ARM.ActiveCfg = Release|ARM
		{40084886-F6FF-405C-94A1-7AD566445703}.Release|ARM.Build.0 = Release|ARM
		{40084886-F6FF-405C-94A1-7AD566445703}.Release|ARM.Deploy.0 = Release|ARM
		{40084886-F6FF-405C-94A1-7AD566445703}.Release|iPhone.ActiveCfg = Release|x86
		{40084886-F6FF-405C-94A1-7AD566445703}.Release|iPhoneSimulator.ActiveCfg = Release|x86
		{40084886-F6FF-405C-94A1-7AD566445703}.Release|x64.ActiveCfg = Release|x64
		{40084886-F6FF-405C-94A1-7AD566445703}.Release|x64.Build.0 = Release|x64
		{40084886-F6FF-405C-94A1-7AD566445703}.Release|x64.Deploy.0 = Release|x64
		{40084886-F6FF-405C-94A1-7AD566445703}.Release|x86.ActiveCfg = Release|x86
		{40084886-F6FF-405C-94A1-7AD566445703}.Release|x86.Build.0 = Release|x86
		{40084886-F6FF-405C-94A1-7AD566445703}.Release|x86.Deploy.0 = Release|x86
		{81784D5E-9D88-41AF-863D-E92AAEF82F44}.Ad-Hoc|Any CPU.ActiveCfg = Release|Any CPU
		{81784D5E-9D88-41AF-863D-E92AAEF82F44}.Ad-Hoc|Any CPU.Build.0 = Release|Any CPU
		{81784D5E-9D88-41AF-863D-E92AAEF82F44}.Ad-Hoc|ARM.ActiveCfg = Release|Any CPU
		{81784D5E-9D88-41AF-863D-E92AAEF82F44}.Ad-Hoc|ARM.Build.0 = Release|Any CPU
		{81784D5E-9D88-41AF-863D-E92AAEF82F44}.Ad-Hoc|iPhone.ActiveCfg = Release|Any CPU
		{81784D5E-9D88-41AF-863D-E92AAEF82F44}.Ad-Hoc|iPhone.Build.0 = Release|Any CPU
		{81784D5E-9D88-41AF-863D-E92AAEF82F44}.Ad-Hoc|iPhoneSimulator.ActiveCfg = Release|Any CPU
		{81784D5E-9D88-41AF-863D-E92AAEF82F44}.Ad-Hoc|iPhoneSimulator.Build.0 = Release|Any CPU
		{81784D5E-9D88-41AF-863D-E92AAEF82F44}.Ad-Hoc|x64.ActiveCfg = Release|Any CPU
		{81784D5E-9D88-41AF-863D-E92AAEF82F44}.Ad-Hoc|x64.Build.0 = Release|Any CPU
		{81784D5E-9D88-41AF-863D-E92AAEF82F44}.Ad-Hoc|x86.ActiveCfg = Release|Any CPU
		{81784D5E-9D88-41AF-863D-E92AAEF82F44}.Ad-Hoc|x86.Build.0 = Release|Any CPU
		{81784D5E-9D88-41AF-863D-E92AAEF82F44}.AppStore|Any CPU.ActiveCfg = Release|Any CPU
		{81784D5E-9D88-41AF-863D-E92AAEF82F44}.AppStore|Any CPU.Build.0 = Release|Any CPU
		{81784D5E-9D88-41AF-863D-E92AAEF82F44}.AppStore|ARM.ActiveCfg = Release|Any CPU
		{81784D5E-9D88-41AF-863D-E92AAEF82F44}.AppStore|ARM.Build.0 = Release|Any CPU
		{81784D5E-9D88-41AF-863D-E92AAEF82F44}.AppStore|iPhone.ActiveCfg = Release|Any CPU
		{81784D5E-9D88-41AF-863D-E92AAEF82F44}.AppStore|iPhone.Build.0 = Release|Any CPU
		{81784D5E-9D88-41AF-863D-E92AAEF82F44}.AppStore|iPhoneSimulator.ActiveCfg = Release|Any CPU
		{81784D5E-9D88-41AF-863D-E92AAEF82F44}.AppStore|iPhoneSimulator.Build.0 = Release|Any CPU
		{81784D5E-9D88-41AF-863D-E92AAEF82F44}.AppStore|x64.ActiveCfg = Release|Any CPU
		{81784D5E-9D88-41AF-863D-E92AAEF82F44}.AppStore|x64.Build.0 = Release|Any CPU
		{81784D5E-9D88-41AF-863D-E92AAEF82F44}.AppStore|x86.ActiveCfg = Release|Any CPU
		{81784D5E-9D88-41AF-863D-E92AAEF82F44}.AppStore|x86.Build.0 = Release|Any CPU
		{81784D5E-9D88-41AF-863D-E92AAEF82F44}.Debug|Any CPU.ActiveCfg = Debug|Any CPU
		{81784D5E-9D88-41AF-863D-E92AAEF82F44}.Debug|Any CPU.Build.0 = Debug|Any CPU
		{81784D5E-9D88-41AF-863D-E92AAEF82F44}.Debug|ARM.ActiveCfg = Debug|Any CPU
		{81784D5E-9D88-41AF-863D-E92AAEF82F44}.Debug|ARM.Build.0 = Debug|Any CPU
		{81784D5E-9D88-41AF-863D-E92AAEF82F44}.Debug|iPhone.ActiveCfg = Debug|Any CPU
		{81784D5E-9D88-41AF-863D-E92AAEF82F44}.Debug|iPhone.Build.0 = Debug|Any CPU
		{81784D5E-9D88-41AF-863D-E92AAEF82F44}.Debug|iPhoneSimulator.ActiveCfg = Debug|Any CPU
		{81784D5E-9D88-41AF-863D-E92AAEF82F44}.Debug|iPhoneSimulator.Build.0 = Debug|Any CPU
		{81784D5E-9D88-41AF-863D-E92AAEF82F44}.Debug|x64.ActiveCfg = Debug|Any CPU
		{81784D5E-9D88-41AF-863D-E92AAEF82F44}.Debug|x64.Build.0 = Debug|Any CPU
		{81784D5E-9D88-41AF-863D-E92AAEF82F44}.Debug|x86.ActiveCfg = Debug|Any CPU
		{81784D5E-9D88-41AF-863D-E92AAEF82F44}.Debug|x86.Build.0 = Debug|Any CPU
		{81784D5E-9D88-41AF-863D-E92AAEF82F44}.Release|Any CPU.ActiveCfg = Release|Any CPU
		{81784D5E-9D88-41AF-863D-E92AAEF82F44}.Release|Any CPU.Build.0 = Release|Any CPU
		{81784D5E-9D88-41AF-863D-E92AAEF82F44}.Release|ARM.ActiveCfg = Release|Any CPU
		{81784D5E-9D88-41AF-863D-E92AAEF82F44}.Release|ARM.Build.0 = Release|Any CPU
		{81784D5E-9D88-41AF-863D-E92AAEF82F44}.Release|iPhone.ActiveCfg = Release|Any CPU
		{81784D5E-9D88-41AF-863D-E92AAEF82F44}.Release|iPhone.Build.0 = Release|Any CPU
		{81784D5E-9D88-41AF-863D-E92AAEF82F44}.Release|iPhoneSimulator.ActiveCfg = Release|Any CPU
		{81784D5E-9D88-41AF-863D-E92AAEF82F44}.Release|iPhoneSimulator.Build.0 = Release|Any CPU
		{81784D5E-9D88-41AF-863D-E92AAEF82F44}.Release|x64.ActiveCfg = Release|Any CPU
		{81784D5E-9D88-41AF-863D-E92AAEF82F44}.Release|x64.Build.0 = Release|Any CPU
		{81784D5E-9D88-41AF-863D-E92AAEF82F44}.Release|x86.ActiveCfg = Release|Any CPU
		{81784D5E-9D88-41AF-863D-E92AAEF82F44}.Release|x86.Build.0 = Release|Any CPU
	EndGlobalSection
	GlobalSection(SolutionProperties) = preSolution
		HideSolutionNode = FALSE
	EndGlobalSection
EndGlobal
